// !$*UTF8*$!
{
	archiveVersion = 1;
	classes = {
	};
	objectVersion = 77;
	objects = {

/* Begin PBXContainerItemProxy section */
		1465463E2CAF36C8005E9385 /* PBXContainerItemProxy */ = {
			isa = PBXContainerItemProxy;
			containerPortal = 146546252CAF36C7005E9385 /* Project object */;
			proxyType = 1;
			remoteGlobalIDString = 1465462C2CAF36C7005E9385;
			remoteInfo = StateCollegeMap;
		};
		146546482CAF36C8005E9385 /* PBXContainerItemProxy */ = {
			isa = PBXContainerItemProxy;
			containerPortal = 146546252CAF36C7005E9385 /* Project object */;
			proxyType = 1;
			remoteGlobalIDString = 1465462C2CAF36C7005E9385;
			remoteInfo = StateCollegeMap;
		};
/* End PBXContainerItemProxy section */

/* Begin PBXFileReference section */
		1465462D2CAF36C7005E9385 /* StateCollegeMap.app */ = {isa = PBXFileReference; explicitFileType = wrapper.application; includeInIndex = 0; path = StateCollegeMap.app; sourceTree = BUILT_PRODUCTS_DIR; };
		1465463D2CAF36C8005E9385 /* StateCollegeMapTests.xctest */ = {isa = PBXFileReference; explicitFileType = wrapper.cfbundle; includeInIndex = 0; path = StateCollegeMapTests.xctest; sourceTree = BUILT_PRODUCTS_DIR; };
		146546472CAF36C8005E9385 /* StateCollegeMapUITests.xctest */ = {isa = PBXFileReference; explicitFileType = wrapper.cfbundle; includeInIndex = 0; path = StateCollegeMapUITests.xctest; sourceTree = BUILT_PRODUCTS_DIR; };
/* End PBXFileReference section */

/* Begin PBXFileSystemSynchronizedBuildFileExceptionSet section */
		14E42C002CB762F600B78D22 /* Exceptions for "StateCollegeMap" folder in "StateCollegeMap" target */ = {
			isa = PBXFileSystemSynchronizedBuildFileExceptionSet;
			membershipExceptions = (
				Info.plist,
			);
			target = 1465462C2CAF36C7005E9385 /* StateCollegeMap */;
		};
/* End PBXFileSystemSynchronizedBuildFileExceptionSet section */

/* Begin PBXFileSystemSynchronizedRootGroup section */
		1465462F2CAF36C7005E9385 /* StateCollegeMap */ = {
			isa = PBXFileSystemSynchronizedRootGroup;
			exceptions = (
				14E42C002CB762F600B78D22 /* Exceptions for "StateCollegeMap" folder in "StateCollegeMap" target */,
			);
			path = StateCollegeMap;
			sourceTree = "<group>";
		};
		146546402CAF36C8005E9385 /* StateCollegeMapTests */ = {
			isa = PBXFileSystemSynchronizedRootGroup;
			path = StateCollegeMapTests;
			sourceTree = "<group>";
		};
		1465464A2CAF36C8005E9385 /* StateCollegeMapUITests */ = {
			isa = PBXFileSystemSynchronizedRootGroup;
			path = StateCollegeMapUITests;
			sourceTree = "<group>";
		};
/* End PBXFileSystemSynchronizedRootGroup section */

/* Begin PBXFrameworksBuildPhase section */
		1465462A2CAF36C7005E9385 /* Frameworks */ = {
			isa = PBXFrameworksBuildPhase;
			buildActionMask = 2147483647;
			files = (
			);
			runOnlyForDeploymentPostprocessing = 0;
		};
		1465463A2CAF36C8005E9385 /* Frameworks */ = {
			isa = PBXFrameworksBuildPhase;
			buildActionMask = 2147483647;
			files = (
			);
			runOnlyForDeploymentPostprocessing = 0;
		};
		146546442CAF36C8005E9385 /* Frameworks */ = {
			isa = PBXFrameworksBuildPhase;
			buildActionMask = 2147483647;
			files = (
			);
			runOnlyForDeploymentPostprocessing = 0;
		};
/* End PBXFrameworksBuildPhase section */

/* Begin PBXGroup section */
		146546242CAF36C7005E9385 = {
			isa = PBXGroup;
			children = (
				1465462F2CAF36C7005E9385 /* StateCollegeMap */,
				146546402CAF36C8005E9385 /* StateCollegeMapTests */,
				1465464A2CAF36C8005E9385 /* StateCollegeMapUITests */,
				1465462E2CAF36C7005E9385 /* Products */,
			);
			sourceTree = "<group>";
		};
		1465462E2CAF36C7005E9385 /* Products */ = {
			isa = PBXGroup;
			children = (
				1465462D2CAF36C7005E9385 /* StateCollegeMap.app */,
				1465463D2CAF36C8005E9385 /* StateCollegeMapTests.xctest */,
				146546472CAF36C8005E9385 /* StateCollegeMapUITests.xctest */,
			);
			name = Products;
			sourceTree = "<group>";
		};
/* End PBXGroup section */

/* Begin PBXNativeTarget section */
		1465462C2CAF36C7005E9385 /* StateCollegeMap */ = {
			isa = PBXNativeTarget;
			buildConfigurationList = 146546512CAF36C8005E9385 /* Build configuration list for PBXNativeTarget "StateCollegeMap" */;
			buildPhases = (
				146546292CAF36C7005E9385 /* Sources */,
				1465462A2CAF36C7005E9385 /* Frameworks */,
				1465462B2CAF36C7005E9385 /* Resources */,
			);
			buildRules = (
			);
			dependencies = (
			);
			fileSystemSynchronizedGroups = (
				1465462F2CAF36C7005E9385 /* StateCollegeMap */,
			);
			name = StateCollegeMap;
			packageProductDependencies = (
			);
			productName = StateCollegeMap;
			productReference = 1465462D2CAF36C7005E9385 /* StateCollegeMap.app */;
			productType = "com.apple.product-type.application";
		};
		1465463C2CAF36C8005E9385 /* StateCollegeMapTests */ = {
			isa = PBXNativeTarget;
			buildConfigurationList = 146546542CAF36C8005E9385 /* Build configuration list for PBXNativeTarget "StateCollegeMapTests" */;
			buildPhases = (
				146546392CAF36C8005E9385 /* Sources */,
				1465463A2CAF36C8005E9385 /* Frameworks */,
				1465463B2CAF36C8005E9385 /* Resources */,
			);
			buildRules = (
			);
			dependencies = (
				1465463F2CAF36C8005E9385 /* PBXTargetDependency */,
			);
			fileSystemSynchronizedGroups = (
				146546402CAF36C8005E9385 /* StateCollegeMapTests */,
			);
			name = StateCollegeMapTests;
			packageProductDependencies = (
			);
			productName = StateCollegeMapTests;
			productReference = 1465463D2CAF36C8005E9385 /* StateCollegeMapTests.xctest */;
			productType = "com.apple.product-type.bundle.unit-test";
		};
		146546462CAF36C8005E9385 /* StateCollegeMapUITests */ = {
			isa = PBXNativeTarget;
			buildConfigurationList = 146546572CAF36C8005E9385 /* Build configuration list for PBXNativeTarget "StateCollegeMapUITests" */;
			buildPhases = (
				146546432CAF36C8005E9385 /* Sources */,
				146546442CAF36C8005E9385 /* Frameworks */,
				146546452CAF36C8005E9385 /* Resources */,
			);
			buildRules = (
			);
			dependencies = (
				146546492CAF36C8005E9385 /* PBXTargetDependency */,
			);
			fileSystemSynchronizedGroups = (
				1465464A2CAF36C8005E9385 /* StateCollegeMapUITests */,
			);
			name = StateCollegeMapUITests;
			packageProductDependencies = (
			);
			productName = StateCollegeMapUITests;
			productReference = 146546472CAF36C8005E9385 /* StateCollegeMapUITests.xctest */;
			productType = "com.apple.product-type.bundle.ui-testing";
		};
/* End PBXNativeTarget section */

/* Begin PBXProject section */
		146546252CAF36C7005E9385 /* Project object */ = {
			isa = PBXProject;
			attributes = {
				BuildIndependentTargetsInParallel = 1;
				LastSwiftUpdateCheck = 1600;
				LastUpgradeCheck = 1600;
				TargetAttributes = {
					1465462C2CAF36C7005E9385 = {
						CreatedOnToolsVersion = 16.0;
					};
					1465463C2CAF36C8005E9385 = {
						CreatedOnToolsVersion = 16.0;
						TestTargetID = 1465462C2CAF36C7005E9385;
					};
					146546462CAF36C8005E9385 = {
						CreatedOnToolsVersion = 16.0;
						TestTargetID = 1465462C2CAF36C7005E9385;
					};
				};
			};
			buildConfigurationList = 146546282CAF36C7005E9385 /* Build configuration list for PBXProject "StateCollegeMap" */;
			developmentRegion = en;
			hasScannedForEncodings = 0;
			knownRegions = (
				en,
				Base,
			);
			mainGroup = 146546242CAF36C7005E9385;
			minimizedProjectReferenceProxies = 1;
			preferredProjectObjectVersion = 77;
			productRefGroup = 1465462E2CAF36C7005E9385 /* Products */;
			projectDirPath = "";
			projectRoot = "";
			targets = (
				1465462C2CAF36C7005E9385 /* StateCollegeMap */,
				1465463C2CAF36C8005E9385 /* StateCollegeMapTests */,
				146546462CAF36C8005E9385 /* StateCollegeMapUITests */,
			);
		};
/* End PBXProject section */

/* Begin PBXResourcesBuildPhase section */
		1465462B2CAF36C7005E9385 /* Resources */ = {
			isa = PBXResourcesBuildPhase;
			buildActionMask = 2147483647;
			files = (
			);
			runOnlyForDeploymentPostprocessing = 0;
		};
		1465463B2CAF36C8005E9385 /* Resources */ = {
			isa = PBXResourcesBuildPhase;
			buildActionMask = 2147483647;
			files = (
			);
			runOnlyForDeploymentPostprocessing = 0;
		};
		146546452CAF36C8005E9385 /* Resources */ = {
			isa = PBXResourcesBuildPhase;
			buildActionMask = 2147483647;
			files = (
			);
			runOnlyForDeploymentPostprocessing = 0;
		};
/* End PBXResourcesBuildPhase section */

/* Begin PBXSourcesBuildPhase section */
		146546292CAF36C7005E9385 /* Sources */ = {
			isa = PBXSourcesBuildPhase;
			buildActionMask = 2147483647;
			files = (
			);
			runOnlyForDeploymentPostprocessing = 0;
		};
		146546392CAF36C8005E9385 /* Sources */ = {
			isa = PBXSourcesBuildPhase;
			buildActionMask = 2147483647;
			files = (
			);
			runOnlyForDeploymentPostprocessing = 0;
		};
		146546432CAF36C8005E9385 /* Sources */ = {
			isa = PBXSourcesBuildPhase;
			buildActionMask = 2147483647;
			files = (
			);
			runOnlyForDeploymentPostprocessing = 0;
		};
/* End PBXSourcesBuildPhase section */

/* Begin PBXTargetDependency section */
		1465463F2CAF36C8005E9385 /* PBXTargetDependency */ = {
			isa = PBXTargetDependency;
			target = 1465462C2CAF36C7005E9385 /* StateCollegeMap */;
			targetProxy = 1465463E2CAF36C8005E9385 /* PBXContainerItemProxy */;
		};
		146546492CAF36C8005E9385 /* PBXTargetDependency */ = {
			isa = PBXTargetDependency;
			target = 1465462C2CAF36C7005E9385 /* StateCollegeMap */;
			targetProxy = 146546482CAF36C8005E9385 /* PBXContainerItemProxy */;
		};
/* End PBXTargetDependency section */

/* Begin XCBuildConfiguration section */
		1465464F2CAF36C8005E9385 /* Debug */ = {
			isa = XCBuildConfiguration;
			buildSettings = {
				ALWAYS_SEARCH_USER_PATHS = NO;
				ASSETCATALOG_COMPILER_GENERATE_SWIFT_ASSET_SYMBOL_EXTENSIONS = YES;
				CLANG_ANALYZER_NONNULL = YES;
				CLANG_ANALYZER_NUMBER_OBJECT_CONVERSION = YES_AGGRESSIVE;
				CLANG_CXX_LANGUAGE_STANDARD = "gnu++20";
				CLANG_ENABLE_MODULES = YES;
				CLANG_ENABLE_OBJC_ARC = YES;
				CLANG_ENABLE_OBJC_WEAK = YES;
				CLANG_WARN_BLOCK_CAPTURE_AUTORELEASING = YES;
				CLANG_WARN_BOOL_CONVERSION = YES;
				CLANG_WARN_COMMA = YES;
				CLANG_WARN_CONSTANT_CONVERSION = YES;
				CLANG_WARN_DEPRECATED_OBJC_IMPLEMENTATIONS = YES;
				CLANG_WARN_DIRECT_OBJC_ISA_USAGE = YES_ERROR;
				CLANG_WARN_DOCUMENTATION_COMMENTS = YES;
				CLANG_WARN_EMPTY_BODY = YES;
				CLANG_WARN_ENUM_CONVERSION = YES;
				CLANG_WARN_INFINITE_RECURSION = YES;
				CLANG_WARN_INT_CONVERSION = YES;
				CLANG_WARN_NON_LITERAL_NULL_CONVERSION = YES;
				CLANG_WARN_OBJC_IMPLICIT_RETAIN_SELF = YES;
				CLANG_WARN_OBJC_LITERAL_CONVERSION = YES;
				CLANG_WARN_OBJC_ROOT_CLASS = YES_ERROR;
				CLANG_WARN_QUOTED_INCLUDE_IN_FRAMEWORK_HEADER = YES;
				CLANG_WARN_RANGE_LOOP_ANALYSIS = YES;
				CLANG_WARN_STRICT_PROTOTYPES = YES;
				CLANG_WARN_SUSPICIOUS_MOVE = YES;
				CLANG_WARN_UNGUARDED_AVAILABILITY = YES_AGGRESSIVE;
				CLANG_WARN_UNREACHABLE_CODE = YES;
				CLANG_WARN__DUPLICATE_METHOD_MATCH = YES;
				COPY_PHASE_STRIP = NO;
				DEBUG_INFORMATION_FORMAT = dwarf;
				ENABLE_STRICT_OBJC_MSGSEND = YES;
				ENABLE_TESTABILITY = YES;
				ENABLE_USER_SCRIPT_SANDBOXING = YES;
				GCC_C_LANGUAGE_STANDARD = gnu17;
				GCC_DYNAMIC_NO_PIC = NO;
				GCC_NO_COMMON_BLOCKS = YES;
				GCC_OPTIMIZATION_LEVEL = 0;
				GCC_PREPROCESSOR_DEFINITIONS = (
					"DEBUG=1",
					"$(inherited)",
				);
				GCC_WARN_64_TO_32_BIT_CONVERSION = YES;
				GCC_WARN_ABOUT_RETURN_TYPE = YES_ERROR;
				GCC_WARN_UNDECLARED_SELECTOR = YES;
				GCC_WARN_UNINITIALIZED_AUTOS = YES_AGGRESSIVE;
				GCC_WARN_UNUSED_FUNCTION = YES;
				GCC_WARN_UNUSED_VARIABLE = YES;
				IPHONEOS_DEPLOYMENT_TARGET = 18.0;
				LOCALIZATION_PREFERS_STRING_CATALOGS = YES;
				MTL_ENABLE_DEBUG_INFO = INCLUDE_SOURCE;
				MTL_FAST_MATH = YES;
				ONLY_ACTIVE_ARCH = YES;
				SDKROOT = iphoneos;
				SWIFT_ACTIVE_COMPILATION_CONDITIONS = "DEBUG $(inherited)";
				SWIFT_OPTIMIZATION_LEVEL = "-Onone";
			};
			name = Debug;
		};
		146546502CAF36C8005E9385 /* Release */ = {
			isa = XCBuildConfiguration;
			buildSettings = {
				ALWAYS_SEARCH_USER_PATHS = NO;
				ASSETCATALOG_COMPILER_GENERATE_SWIFT_ASSET_SYMBOL_EXTENSIONS = YES;
				CLANG_ANALYZER_NONNULL = YES;
				CLANG_ANALYZER_NUMBER_OBJECT_CONVERSION = YES_AGGRESSIVE;
				CLANG_CXX_LANGUAGE_STANDARD = "gnu++20";
				CLANG_ENABLE_MODULES = YES;
				CLANG_ENABLE_OBJC_ARC = YES;
				CLANG_ENABLE_OBJC_WEAK = YES;
				CLANG_WARN_BLOCK_CAPTURE_AUTORELEASING = YES;
				CLANG_WARN_BOOL_CONVERSION = YES;
				CLANG_WARN_COMMA = YES;
				CLANG_WARN_CONSTANT_CONVERSION = YES;
				CLANG_WARN_DEPRECATED_OBJC_IMPLEMENTATIONS = YES;
				CLANG_WARN_DIRECT_OBJC_ISA_USAGE = YES_ERROR;
				CLANG_WARN_DOCUMENTATION_COMMENTS = YES;
				CLANG_WARN_EMPTY_BODY = YES;
				CLANG_WARN_ENUM_CONVERSION = YES;
				CLANG_WARN_INFINITE_RECURSION = YES;
				CLANG_WARN_INT_CONVERSION = YES;
				CLANG_WARN_NON_LITERAL_NULL_CONVERSION = YES;
				CLANG_WARN_OBJC_IMPLICIT_RETAIN_SELF = YES;
				CLANG_WARN_OBJC_LITERAL_CONVERSION = YES;
				CLANG_WARN_OBJC_ROOT_CLASS = YES_ERROR;
				CLANG_WARN_QUOTED_INCLUDE_IN_FRAMEWORK_HEADER = YES;
				CLANG_WARN_RANGE_LOOP_ANALYSIS = YES;
				CLANG_WARN_STRICT_PROTOTYPES = YES;
				CLANG_WARN_SUSPICIOUS_MOVE = YES;
				CLANG_WARN_UNGUARDED_AVAILABILITY = YES_AGGRESSIVE;
				CLANG_WARN_UNREACHABLE_CODE = YES;
				CLANG_WARN__DUPLICATE_METHOD_MATCH = YES;
				COPY_PHASE_STRIP = NO;
				DEBUG_INFORMATION_FORMAT = "dwarf-with-dsym";
				ENABLE_NS_ASSERTIONS = NO;
				ENABLE_STRICT_OBJC_MSGSEND = YES;
				ENABLE_USER_SCRIPT_SANDBOXING = YES;
				GCC_C_LANGUAGE_STANDARD = gnu17;
				GCC_NO_COMMON_BLOCKS = YES;
				GCC_WARN_64_TO_32_BIT_CONVERSION = YES;
				GCC_WARN_ABOUT_RETURN_TYPE = YES_ERROR;
				GCC_WARN_UNDECLARED_SELECTOR = YES;
				GCC_WARN_UNINITIALIZED_AUTOS = YES_AGGRESSIVE;
				GCC_WARN_UNUSED_FUNCTION = YES;
				GCC_WARN_UNUSED_VARIABLE = YES;
				IPHONEOS_DEPLOYMENT_TARGET = 18.0;
				LOCALIZATION_PREFERS_STRING_CATALOGS = YES;
				MTL_ENABLE_DEBUG_INFO = NO;
				MTL_FAST_MATH = YES;
				SDKROOT = iphoneos;
				SWIFT_COMPILATION_MODE = wholemodule;
				VALIDATE_PRODUCT = YES;
			};
			name = Release;
		};
		146546522CAF36C8005E9385 /* Debug */ = {
			isa = XCBuildConfiguration;
			buildSettings = {
				ASSETCATALOG_COMPILER_APPICON_NAME = AppIcon;
				ASSETCATALOG_COMPILER_GLOBAL_ACCENT_COLOR_NAME = AccentColor;
				CODE_SIGN_STYLE = Automatic;
				CURRENT_PROJECT_VERSION = 1;
				DEVELOPMENT_ASSET_PATHS = "\"StateCollegeMap/Preview Content\"";
				DEVELOPMENT_TEAM = QRLA33CGCG;
				ENABLE_PREVIEWS = YES;
				GENERATE_INFOPLIST_FILE = YES;
				INFOPLIST_FILE = StateCollegeMap/Info.plist;
				INFOPLIST_KEY_CFBundleDisplayName = "";
				INFOPLIST_KEY_LSApplicationCategoryType = "";
				INFOPLIST_KEY_NSLocationWhenInUseUsageDescription = "Give Location for Mapping";
				INFOPLIST_KEY_UIApplicationSceneManifest_Generation = YES;
				INFOPLIST_KEY_UIApplicationSupportsIndirectInputEvents = YES;
				INFOPLIST_KEY_UILaunchScreen_Generation = YES;
				INFOPLIST_KEY_UISupportedInterfaceOrientations_iPad = "UIInterfaceOrientationPortrait UIInterfaceOrientationPortraitUpsideDown UIInterfaceOrientationLandscapeLeft UIInterfaceOrientationLandscapeRight";
				INFOPLIST_KEY_UISupportedInterfaceOrientations_iPhone = "UIInterfaceOrientationPortrait UIInterfaceOrientationLandscapeLeft UIInterfaceOrientationLandscapeRight";
				LD_RUNPATH_SEARCH_PATHS = (
					"$(inherited)",
					"@executable_path/Frameworks",
				);
				MARKETING_VERSION = 1.0;
				PRODUCT_BUNDLE_IDENTIFIER = edu.psu.jra5692.StateCollegeMap;
				PRODUCT_NAME = "$(TARGET_NAME)";
				SWIFT_EMIT_LOC_STRINGS = YES;
				SWIFT_VERSION = 5.0;
				TARGETED_DEVICE_FAMILY = "1,2";
			};
			name = Debug;
		};
		146546532CAF36C8005E9385 /* Release */ = {
			isa = XCBuildConfiguration;
			buildSettings = {
				ASSETCATALOG_COMPILER_APPICON_NAME = AppIcon;
				ASSETCATALOG_COMPILER_GLOBAL_ACCENT_COLOR_NAME = AccentColor;
				CODE_SIGN_STYLE = Automatic;
				CURRENT_PROJECT_VERSION = 1;
				DEVELOPMENT_ASSET_PATHS = "\"StateCollegeMap/Preview Content\"";
				DEVELOPMENT_TEAM = QRLA33CGCG;
				ENABLE_PREVIEWS = YES;
				GENERATE_INFOPLIST_FILE = YES;
				INFOPLIST_FILE = StateCollegeMap/Info.plist;
				INFOPLIST_KEY_CFBundleDisplayName = "";
				INFOPLIST_KEY_LSApplicationCategoryType = "";
				INFOPLIST_KEY_NSLocationWhenInUseUsageDescription = "Give Location for Mapping";
				INFOPLIST_KEY_UIApplicationSceneManifest_Generation = YES;
				INFOPLIST_KEY_UIApplicationSupportsIndirectInputEvents = YES;
				INFOPLIST_KEY_UILaunchScreen_Generation = YES;
				INFOPLIST_KEY_UISupportedInterfaceOrientations_iPad = "UIInterfaceOrientationPortrait UIInterfaceOrientationPortraitUpsideDown UIInterfaceOrientationLandscapeLeft UIInterfaceOrientationLandscapeRight";
				INFOPLIST_KEY_UISupportedInterfaceOrientations_iPhone = "UIInterfaceOrientationPortrait UIInterfaceOrientationLandscapeLeft UIInterfaceOrientationLandscapeRight";
				LD_RUNPATH_SEARCH_PATHS = (
					"$(inherited)",
					"@executable_path/Frameworks",
				);
				MARKETING_VERSION = 1.0;
				PRODUCT_BUNDLE_IDENTIFIER = edu.psu.jra5692.StateCollegeMap;
				PRODUCT_NAME = "$(TARGET_NAME)";
				SWIFT_EMIT_LOC_STRINGS = YES;
				SWIFT_VERSION = 5.0;
				TARGETED_DEVICE_FAMILY = "1,2";
			};
			name = Release;
		};
		146546552CAF36C8005E9385 /* Debug */ = {
			isa = XCBuildConfiguration;
			buildSettings = {
				BUNDLE_LOADER = "$(TEST_HOST)";
				CODE_SIGN_STYLE = Automatic;
				CURRENT_PROJECT_VERSION = 1;
				DEVELOPMENT_TEAM = QRLA33CGCG;
				GENERATE_INFOPLIST_FILE = YES;
				IPHONEOS_DEPLOYMENT_TARGET = 18.0;
				MARKETING_VERSION = 1.0;
				PRODUCT_BUNDLE_IDENTIFIER = edu.psu.jra5692.StateCollegeMapTests;
				PRODUCT_NAME = "$(TARGET_NAME)";
				SWIFT_EMIT_LOC_STRINGS = NO;
				SWIFT_VERSION = 5.0;
				TARGETED_DEVICE_FAMILY = "1,2";
				TEST_HOST = "$(BUILT_PRODUCTS_DIR)/StateCollegeMap.app/$(BUNDLE_EXECUTABLE_FOLDER_PATH)/StateCollegeMap";
			};
			name = Debug;
		};
		146546562CAF36C8005E9385 /* Release */ = {
			isa = XCBuildConfiguration;
			buildSettings = {
				BUNDLE_LOADER = "$(TEST_HOST)";
				CODE_SIGN_STYLE = Automatic;
				CURRENT_PROJECT_VERSION = 1;
				DEVELOPMENT_TEAM = QRLA33CGCG;
				GENERATE_INFOPLIST_FILE = YES;
				IPHONEOS_DEPLOYMENT_TARGET = 18.0;
				MARKETING_VERSION = 1.0;
				PRODUCT_BUNDLE_IDENTIFIER = edu.psu.jra5692.StateCollegeMapTests;
				PRODUCT_NAME = "$(TARGET_NAME)";
				SWIFT_EMIT_LOC_STRINGS = NO;
				SWIFT_VERSION = 5.0;
				TARGETED_DEVICE_FAMILY = "1,2";
				TEST_HOST = "$(BUILT_PRODUCTS_DIR)/StateCollegeMap.app/$(BUNDLE_EXECUTABLE_FOLDER_PATH)/StateCollegeMap";
			};
			name = Release;
		};
		146546582CAF36C8005E9385 /* Debug */ = {
			isa = XCBuildConfiguration;
			buildSettings = {
				CODE_SIGN_STYLE = Automatic;
				CURRENT_PROJECT_VERSION = 1;
				DEVELOPMENT_TEAM = QRLA33CGCG;
				GENERATE_INFOPLIST_FILE = YES;
				MARKETING_VERSION = 1.0;
				PRODUCT_BUNDLE_IDENTIFIER = edu.psu.jra5692.StateCollegeMapUITests;
				PRODUCT_NAME = "$(TARGET_NAME)";
				SWIFT_EMIT_LOC_STRINGS = NO;
				SWIFT_VERSION = 5.0;
				TARGETED_DEVICE_FAMILY = "1,2";
				TEST_TARGET_NAME = StateCollegeMap;
			};
			name = Debug;
		};
		146546592CAF36C8005E9385 /* Release */ = {
			isa = XCBuildConfiguration;
			buildSettings = {
				CODE_SIGN_STYLE = Automatic;
				CURRENT_PROJECT_VERSION = 1;
				DEVELOPMENT_TEAM = QRLA33CGCG;
				GENERATE_INFOPLIST_FILE = YES;
				MARKETING_VERSION = 1.0;
				PRODUCT_BUNDLE_IDENTIFIER = edu.psu.jra5692.StateCollegeMapUITests;
				PRODUCT_NAME = "$(TARGET_NAME)";
				SWIFT_EMIT_LOC_STRINGS = NO;
				SWIFT_VERSION = 5.0;
				TARGETED_DEVICE_FAMILY = "1,2";
				TEST_TARGET_NAME = StateCollegeMap;
			};
			name = Release;
		};
/* End XCBuildConfiguration section */

/* Begin XCConfigurationList section */
		146546282CAF36C7005E9385 /* Build configuration list for PBXProject "StateCollegeMap" */ = {
			isa = XCConfigurationList;
			buildConfigurations = (
				1465464F2CAF36C8005E9385 /* Debug */,
				146546502CAF36C8005E9385 /* Release */,
			);
			defaultConfigurationIsVisible = 0;
			defaultConfigurationName = Release;
		};
		146546512CAF36C8005E9385 /* Build configuration list for PBXNativeTarget "StateCollegeMap" */ = {
			isa = XCConfigurationList;
			buildConfigurations = (
				146546522CAF36C8005E9385 /* Debug */,
				146546532CAF36C8005E9385 /* Release */,
			);
			defaultConfigurationIsVisible = 0;
			defaultConfigurationName = Release;
		};
		146546542CAF36C8005E9385 /* Build configuration list for PBXNativeTarget "StateCollegeMapTests" */ = {
			isa = XCConfigurationList;
			buildConfigurations = (
				146546552CAF36C8005E9385 /* Debug */,
				146546562CAF36C8005E9385 /* Release */,
			);
			defaultConfigurationIsVisible = 0;
			defaultConfigurationName = Release;
		};
		146546572CAF36C8005E9385 /* Build configuration list for PBXNativeTarget "StateCollegeMapUITests" */ = {
			isa = XCConfigurationList;
			buildConfigurations = (
				146546582CAF36C8005E9385 /* Debug */,
				146546592CAF36C8005E9385 /* Release */,
			);
			defaultConfigurationIsVisible = 0;
			defaultConfigurationName = Release;
		};
/* End XCConfigurationList section */
	};
	rootObject = 146546252CAF36C7005E9385 /* Project object */;
}
