// !$*UTF8*$!
{
	archiveVersion = 1;
	classes = {
	};
	objectVersion = 56;
	objects = {

/* Begin PBXBuildFile section */
		14DD5A7F2C7A394C00E4AE6D /* WorkflowApp.swift in Sources */ = {isa = PBXBuildFile; fileRef = 14DD5A7E2C7A394C00E4AE6D /* WorkflowApp.swift */; };
		14DD5A812C7A394C00E4AE6D /* ContentView.swift in Sources */ = {isa = PBXBuildFile; fileRef = 14DD5A802C7A394C00E4AE6D /* ContentView.swift */; };
		14DD5A832C7A394D00E4AE6D /* Assets.xcassets in Resources */ = {isa = PBXBuildFile; fileRef = 14DD5A822C7A394D00E4AE6D /* Assets.xcassets */; };
		14DD5A862C7A394D00E4AE6D /* Preview Assets.xcassets in Resources */ = {isa = PBXBuildFile; fileRef = 14DD5A852C7A394D00E4AE6D /* Preview Assets.xcassets */; };
		14DD5A902C7A394D00E4AE6D /* WorkflowTests.swift in Sources */ = {isa = PBXBuildFile; fileRef = 14DD5A8F2C7A394D00E4AE6D /* WorkflowTests.swift */; };
		14DD5A9A2C7A394D00E4AE6D /* WorkflowUITests.swift in Sources */ = {isa = PBXBuildFile; fileRef = 14DD5A992C7A394D00E4AE6D /* WorkflowUITests.swift */; };
		14DD5A9C2C7A394D00E4AE6D /* WorkflowUITestsLaunchTests.swift in Sources */ = {isa = PBXBuildFile; fileRef = 14DD5A9B2C7A394D00E4AE6D /* WorkflowUITestsLaunchTests.swift */; };
/* End PBXBuildFile section */

/* Begin PBXContainerItemProxy section */
		14DD5A8C2C7A394D00E4AE6D /* PBXContainerItemProxy */ = {
			isa = PBXContainerItemProxy;
			containerPortal = 14DD5A732C7A394C00E4AE6D /* Project object */;
			proxyType = 1;
			remoteGlobalIDString = 14DD5A7A2C7A394C00E4AE6D;
			remoteInfo = Workflow;
		};
		14DD5A962C7A394D00E4AE6D /* PBXContainerItemProxy */ = {
			isa = PBXContainerItemProxy;
			containerPortal = 14DD5A732C7A394C00E4AE6D /* Project object */;
			proxyType = 1;
			remoteGlobalIDString = 14DD5A7A2C7A394C00E4AE6D;
			remoteInfo = Workflow;
		};
/* End PBXContainerItemProxy section */

/* Begin PBXFileReference section */
		14DD5A7B2C7A394C00E4AE6D /* Workflow.app */ = {isa = PBXFileReference; explicitFileType = wrapper.application; includeInIndex = 0; path = Workflow.app; sourceTree = BUILT_PRODUCTS_DIR; };
		14DD5A7E2C7A394C00E4AE6D /* WorkflowApp.swift */ = {isa = PBXFileReference; lastKnownFileType = sourcecode.swift; path = WorkflowApp.swift; sourceTree = "<group>"; };
		14DD5A802C7A394C00E4AE6D /* ContentView.swift */ = {isa = PBXFileReference; lastKnownFileType = sourcecode.swift; path = ContentView.swift; sourceTree = "<group>"; };
		14DD5A822C7A394D00E4AE6D /* Assets.xcassets */ = {isa = PBXFileReference; lastKnownFileType = folder.assetcatalog; path = Assets.xcassets; sourceTree = "<group>"; };
		14DD5A852C7A394D00E4AE6D /* Preview Assets.xcassets */ = {isa = PBXFileReference; lastKnownFileType = folder.assetcatalog; path = "Preview Assets.xcassets"; sourceTree = "<group>"; };
		14DD5A8B2C7A394D00E4AE6D /* WorkflowTests.xctest */ = {isa = PBXFileReference; explicitFileType = wrapper.cfbundle; includeInIndex = 0; path = WorkflowTests.xctest; sourceTree = BUILT_PRODUCTS_DIR; };
		14DD5A8F2C7A394D00E4AE6D /* WorkflowTests.swift */ = {isa = PBXFileReference; lastKnownFileType = sourcecode.swift; path = WorkflowTests.swift; sourceTree = "<group>"; };
		14DD5A952C7A394D00E4AE6D /* WorkflowUITests.xctest */ = {isa = PBXFileReference; explicitFileType = wrapper.cfbundle; includeInIndex = 0; path = WorkflowUITests.xctest; sourceTree = BUILT_PRODUCTS_DIR; };
		14DD5A992C7A394D00E4AE6D /* WorkflowUITests.swift */ = {isa = PBXFileReference; lastKnownFileType = sourcecode.swift; path = WorkflowUITests.swift; sourceTree = "<group>"; };
		14DD5A9B2C7A394D00E4AE6D /* WorkflowUITestsLaunchTests.swift */ = {isa = PBXFileReference; lastKnownFileType = sourcecode.swift; path = WorkflowUITestsLaunchTests.swift; sourceTree = "<group>"; };
/* End PBXFileReference section */

/* Begin PBXFrameworksBuildPhase section */
		14DD5A782C7A394C00E4AE6D /* Frameworks */ = {
			isa = PBXFrameworksBuildPhase;
			buildActionMask = 2147483647;
			files = (
			);
			runOnlyForDeploymentPostprocessing = 0;
		};
		14DD5A882C7A394D00E4AE6D /* Frameworks */ = {
			isa = PBXFrameworksBuildPhase;
			buildActionMask = 2147483647;
			files = (
			);
			runOnlyForDeploymentPostprocessing = 0;
		};
		14DD5A922C7A394D00E4AE6D /* Frameworks */ = {
			isa = PBXFrameworksBuildPhase;
			buildActionMask = 2147483647;
			files = (
			);
			runOnlyForDeploymentPostprocessing = 0;
		};
/* End PBXFrameworksBuildPhase section */

/* Begin PBXGroup section */
		14DD5A722C7A394C00E4AE6D = {
			isa = PBXGroup;
			children = (
				14DD5A7D2C7A394C00E4AE6D /* Workflow */,
				14DD5A8E2C7A394D00E4AE6D /* WorkflowTests */,
				14DD5A982C7A394D00E4AE6D /* WorkflowUITests */,
				14DD5A7C2C7A394C00E4AE6D /* Products */,
			);
			sourceTree = "<group>";
		};
		14DD5A7C2C7A394C00E4AE6D /* Products */ = {
			isa = PBXGroup;
			children = (
				14DD5A7B2C7A394C00E4AE6D /* Workflow.app */,
				14DD5A8B2C7A394D00E4AE6D /* WorkflowTests.xctest */,
				14DD5A952C7A394D00E4AE6D /* WorkflowUITests.xctest */,
			);
			name = Products;
			sourceTree = "<group>";
		};
		14DD5A7D2C7A394C00E4AE6D /* Workflow */ = {
			isa = PBXGroup;
			children = (
				14DD5A7E2C7A394C00E4AE6D /* WorkflowApp.swift */,
				14DD5A802C7A394C00E4AE6D /* ContentView.swift */,
				14DD5A822C7A394D00E4AE6D /* Assets.xcassets */,
				14DD5A842C7A394D00E4AE6D /* Preview Content */,
			);
			path = Workflow;
			sourceTree = "<group>";
			usesTabs = 0;
		};
		14DD5A842C7A394D00E4AE6D /* Preview Content */ = {
			isa = PBXGroup;
			children = (
				14DD5A852C7A394D00E4AE6D /* Preview Assets.xcassets */,
			);
			path = "Preview Content";
			sourceTree = "<group>";
		};
		14DD5A8E2C7A394D00E4AE6D /* WorkflowTests */ = {
			isa = PBXGroup;
			children = (
				14DD5A8F2C7A394D00E4AE6D /* WorkflowTests.swift */,
			);
			path = WorkflowTests;
			sourceTree = "<group>";
		};
		14DD5A982C7A394D00E4AE6D /* WorkflowUITests */ = {
			isa = PBXGroup;
			children = (
				14DD5A992C7A394D00E4AE6D /* WorkflowUITests.swift */,
				14DD5A9B2C7A394D00E4AE6D /* WorkflowUITestsLaunchTests.swift */,
			);
			path = WorkflowUITests;
			sourceTree = "<group>";
		};
/* End PBXGroup section */

/* Begin PBXNativeTarget section */
		14DD5A7A2C7A394C00E4AE6D /* Workflow */ = {
			isa = PBXNativeTarget;
			buildConfigurationList = 14DD5A9F2C7A394D00E4AE6D /* Build configuration list for PBXNativeTarget "Workflow" */;
			buildPhases = (
				14DD5A772C7A394C00E4AE6D /* Sources */,
				14DD5A782C7A394C00E4AE6D /* Frameworks */,
				14DD5A792C7A394C00E4AE6D /* Resources */,
			);
			buildRules = (
			);
			dependencies = (
			);
			name = Workflow;
			productName = Workflow;
			productReference = 14DD5A7B2C7A394C00E4AE6D /* Workflow.app */;
			productType = "com.apple.product-type.application";
		};
		14DD5A8A2C7A394D00E4AE6D /* WorkflowTests */ = {
			isa = PBXNativeTarget;
			buildConfigurationList = 14DD5AA22C7A394D00E4AE6D /* Build configuration list for PBXNativeTarget "WorkflowTests" */;
			buildPhases = (
				14DD5A872C7A394D00E4AE6D /* Sources */,
				14DD5A882C7A394D00E4AE6D /* Frameworks */,
				14DD5A892C7A394D00E4AE6D /* Resources */,
			);
			buildRules = (
			);
			dependencies = (
				14DD5A8D2C7A394D00E4AE6D /* PBXTargetDependency */,
			);
			name = WorkflowTests;
			productName = WorkflowTests;
			productReference = 14DD5A8B2C7A394D00E4AE6D /* WorkflowTests.xctest */;
			productType = "com.apple.product-type.bundle.unit-test";
		};
		14DD5A942C7A394D00E4AE6D /* WorkflowUITests */ = {
			isa = PBXNativeTarget;
			buildConfigurationList = 14DD5AA52C7A394D00E4AE6D /* Build configuration list for PBXNativeTarget "WorkflowUITests" */;
			buildPhases = (
				14DD5A912C7A394D00E4AE6D /* Sources */,
				14DD5A922C7A394D00E4AE6D /* Frameworks */,
				14DD5A932C7A394D00E4AE6D /* Resources */,
			);
			buildRules = (
			);
			dependencies = (
				14DD5A972C7A394D00E4AE6D /* PBXTargetDependency */,
			);
			name = WorkflowUITests;
			productName = WorkflowUITests;
			productReference = 14DD5A952C7A394D00E4AE6D /* WorkflowUITests.xctest */;
			productType = "com.apple.product-type.bundle.ui-testing";
		};
/* End PBXNativeTarget section */

/* Begin PBXProject section */
		14DD5A732C7A394C00E4AE6D /* Project object */ = {
			isa = PBXProject;
			attributes = {
				BuildIndependentTargetsInParallel = 1;
				LastSwiftUpdateCheck = 1540;
				LastUpgradeCheck = 1540;
				TargetAttributes = {
					14DD5A7A2C7A394C00E4AE6D = {
						CreatedOnToolsVersion = 15.4;
					};
					14DD5A8A2C7A394D00E4AE6D = {
						CreatedOnToolsVersion = 15.4;
						TestTargetID = 14DD5A7A2C7A394C00E4AE6D;
					};
					14DD5A942C7A394D00E4AE6D = {
						CreatedOnToolsVersion = 15.4;
						TestTargetID = 14DD5A7A2C7A394C00E4AE6D;
					};
				};
			};
			buildConfigurationList = 14DD5A762C7A394C00E4AE6D /* Build configuration list for PBXProject "Workflow" */;
			compatibilityVersion = "Xcode 14.0";
			developmentRegion = en;
			hasScannedForEncodings = 0;
			knownRegions = (
				en,
				Base,
			);
			mainGroup = 14DD5A722C7A394C00E4AE6D;
			productRefGroup = 14DD5A7C2C7A394C00E4AE6D /* Products */;
			projectDirPath = "";
			projectRoot = "";
			targets = (
				14DD5A7A2C7A394C00E4AE6D /* Workflow */,
				14DD5A8A2C7A394D00E4AE6D /* WorkflowTests */,
				14DD5A942C7A394D00E4AE6D /* WorkflowUITests */,
			);
		};
/* End PBXProject section */

/* Begin PBXResourcesBuildPhase section */
		14DD5A792C7A394C00E4AE6D /* Resources */ = {
			isa = PBXResourcesBuildPhase;
			buildActionMask = 2147483647;
			files = (
				14DD5A862C7A394D00E4AE6D /* Preview Assets.xcassets in Resources */,
				14DD5A832C7A394D00E4AE6D /* Assets.xcassets in Resources */,
			);
			runOnlyForDeploymentPostprocessing = 0;
		};
		14DD5A892C7A394D00E4AE6D /* Resources */ = {
			isa = PBXResourcesBuildPhase;
			buildActionMask = 2147483647;
			files = (
			);
			runOnlyForDeploymentPostprocessing = 0;
		};
		14DD5A932C7A394D00E4AE6D /* Resources */ = {
			isa = PBXResourcesBuildPhase;
			buildActionMask = 2147483647;
			files = (
			);
			runOnlyForDeploymentPostprocessing = 0;
		};
/* End PBXResourcesBuildPhase section */

/* Begin PBXSourcesBuildPhase section */
		14DD5A772C7A394C00E4AE6D /* Sources */ = {
			isa = PBXSourcesBuildPhase;
			buildActionMask = 2147483647;
			files = (
				14DD5A812C7A394C00E4AE6D /* ContentView.swift in Sources */,
				14DD5A7F2C7A394C00E4AE6D /* WorkflowApp.swift in Sources */,
			);
			runOnlyForDeploymentPostprocessing = 0;
		};
		14DD5A872C7A394D00E4AE6D /* Sources */ = {
			isa = PBXSourcesBuildPhase;
			buildActionMask = 2147483647;
			files = (
				14DD5A902C7A394D00E4AE6D /* WorkflowTests.swift in Sources */,
			);
			runOnlyForDeploymentPostprocessing = 0;
		};
		14DD5A912C7A394D00E4AE6D /* Sources */ = {
			isa = PBXSourcesBuildPhase;
			buildActionMask = 2147483647;
			files = (
				14DD5A9C2C7A394D00E4AE6D /* WorkflowUITestsLaunchTests.swift in Sources */,
				14DD5A9A2C7A394D00E4AE6D /* WorkflowUITests.swift in Sources */,
			);
			runOnlyForDeploymentPostprocessing = 0;
		};
/* End PBXSourcesBuildPhase section */

/* Begin PBXTargetDependency section */
		14DD5A8D2C7A394D00E4AE6D /* PBXTargetDependency */ = {
			isa = PBXTargetDependency;
			target = 14DD5A7A2C7A394C00E4AE6D /* Workflow */;
			targetProxy = 14DD5A8C2C7A394D00E4AE6D /* PBXContainerItemProxy */;
		};
		14DD5A972C7A394D00E4AE6D /* PBXTargetDependency */ = {
			isa = PBXTargetDependency;
			target = 14DD5A7A2C7A394C00E4AE6D /* Workflow */;
			targetProxy = 14DD5A962C7A394D00E4AE6D /* PBXContainerItemProxy */;
		};
/* End PBXTargetDependency section */

/* Begin XCBuildConfiguration section */
		14DD5A9D2C7A394D00E4AE6D /* Debug */ = {
			isa = XCBuildConfiguration;
			buildSettings = {
				ALWAYS_SEARCH_USER_PATHS = NO;
				ASSETCATALOG_COMPILER_GENERATE_SWIFT_ASSET_SYMBOL_EXTENSIONS = YES;
				CLANG_ANALYZER_NONNULL = YES;
				CLANG_ANALYZER_NUMBER_OBJECT_CONVERSION = YES_AGGRESSIVE;
				CLANG_CXX_LANGUAGE_STANDARD = "gnu++20";
				CLANG_ENABLE_MODULES = YES;
				CLANG_ENABLE_OBJC_ARC = YES;
				CLANG_ENABLE_OBJC_WEAK = YES;
				CLANG_WARN_BLOCK_CAPTURE_AUTORELEASING = YES;
				CLANG_WARN_BOOL_CONVERSION = YES;
				CLANG_WARN_COMMA = YES;
				CLANG_WARN_CONSTANT_CONVERSION = YES;
				CLANG_WARN_DEPRECATED_OBJC_IMPLEMENTATIONS = YES;
				CLANG_WARN_DIRECT_OBJC_ISA_USAGE = YES_ERROR;
				CLANG_WARN_DOCUMENTATION_COMMENTS = YES;
				CLANG_WARN_EMPTY_BODY = YES;
				CLANG_WARN_ENUM_CONVERSION = YES;
				CLANG_WARN_INFINITE_RECURSION = YES;
				CLANG_WARN_INT_CONVERSION = YES;
				CLANG_WARN_NON_LITERAL_NULL_CONVERSION = YES;
				CLANG_WARN_OBJC_IMPLICIT_RETAIN_SELF = YES;
				CLANG_WARN_OBJC_LITERAL_CONVERSION = YES;
				CLANG_WARN_OBJC_ROOT_CLASS = YES_ERROR;
				CLANG_WARN_QUOTED_INCLUDE_IN_FRAMEWORK_HEADER = YES;
				CLANG_WARN_RANGE_LOOP_ANALYSIS = YES;
				CLANG_WARN_STRICT_PROTOTYPES = YES;
				CLANG_WARN_SUSPICIOUS_MOVE = YES;
				CLANG_WARN_UNGUARDED_AVAILABILITY = YES_AGGRESSIVE;
				CLANG_WARN_UNREACHABLE_CODE = YES;
				CLANG_WARN__DUPLICATE_METHOD_MATCH = YES;
				COPY_PHASE_STRIP = NO;
				DEBUG_INFORMATION_FORMAT = dwarf;
				ENABLE_STRICT_OBJC_MSGSEND = YES;
				ENABLE_TESTABILITY = YES;
				ENABLE_USER_SCRIPT_SANDBOXING = YES;
				GCC_C_LANGUAGE_STANDARD = gnu17;
				GCC_DYNAMIC_NO_PIC = NO;
				GCC_NO_COMMON_BLOCKS = YES;
				GCC_OPTIMIZATION_LEVEL = 0;
				GCC_PREPROCESSOR_DEFINITIONS = (
					"DEBUG=1",
					"$(inherited)",
				);
				GCC_WARN_64_TO_32_BIT_CONVERSION = YES;
				GCC_WARN_ABOUT_RETURN_TYPE = YES_ERROR;
				GCC_WARN_UNDECLARED_SELECTOR = YES;
				GCC_WARN_UNINITIALIZED_AUTOS = YES_AGGRESSIVE;
				GCC_WARN_UNUSED_FUNCTION = YES;
				GCC_WARN_UNUSED_VARIABLE = YES;
				IPHONEOS_DEPLOYMENT_TARGET = 17.5;
				LOCALIZATION_PREFERS_STRING_CATALOGS = YES;
				MTL_ENABLE_DEBUG_INFO = INCLUDE_SOURCE;
				MTL_FAST_MATH = YES;
				ONLY_ACTIVE_ARCH = YES;
				SDKROOT = iphoneos;
				SWIFT_ACTIVE_COMPILATION_CONDITIONS = "DEBUG $(inherited)";
				SWIFT_OPTIMIZATION_LEVEL = "-Onone";
			};
			name = Debug;
		};
		14DD5A9E2C7A394D00E4AE6D /* Release */ = {
			isa = XCBuildConfiguration;
			buildSettings = {
				ALWAYS_SEARCH_USER_PATHS = NO;
				ASSETCATALOG_COMPILER_GENERATE_SWIFT_ASSET_SYMBOL_EXTENSIONS = YES;
				CLANG_ANALYZER_NONNULL = YES;
				CLANG_ANALYZER_NUMBER_OBJECT_CONVERSION = YES_AGGRESSIVE;
				CLANG_CXX_LANGUAGE_STANDARD = "gnu++20";
				CLANG_ENABLE_MODULES = YES;
				CLANG_ENABLE_OBJC_ARC = YES;
				CLANG_ENABLE_OBJC_WEAK = YES;
				CLANG_WARN_BLOCK_CAPTURE_AUTORELEASING = YES;
				CLANG_WARN_BOOL_CONVERSION = YES;
				CLANG_WARN_COMMA = YES;
				CLANG_WARN_CONSTANT_CONVERSION = YES;
				CLANG_WARN_DEPRECATED_OBJC_IMPLEMENTATIONS = YES;
				CLANG_WARN_DIRECT_OBJC_ISA_USAGE = YES_ERROR;
				CLANG_WARN_DOCUMENTATION_COMMENTS = YES;
				CLANG_WARN_EMPTY_BODY = YES;
				CLANG_WARN_ENUM_CONVERSION = YES;
				CLANG_WARN_INFINITE_RECURSION = YES;
				CLANG_WARN_INT_CONVERSION = YES;
				CLANG_WARN_NON_LITERAL_NULL_CONVERSION = YES;
				CLANG_WARN_OBJC_IMPLICIT_RETAIN_SELF = YES;
				CLANG_WARN_OBJC_LITERAL_CONVERSION = YES;
				CLANG_WARN_OBJC_ROOT_CLASS = YES_ERROR;
				CLANG_WARN_QUOTED_INCLUDE_IN_FRAMEWORK_HEADER = YES;
				CLANG_WARN_RANGE_LOOP_ANALYSIS = YES;
				CLANG_WARN_STRICT_PROTOTYPES = YES;
				CLANG_WARN_SUSPICIOUS_MOVE = YES;
				CLANG_WARN_UNGUARDED_AVAILABILITY = YES_AGGRESSIVE;
				CLANG_WARN_UNREACHABLE_CODE = YES;
				CLANG_WARN__DUPLICATE_METHOD_MATCH = YES;
				COPY_PHASE_STRIP = NO;
				DEBUG_INFORMATION_FORMAT = "dwarf-with-dsym";
				ENABLE_NS_ASSERTIONS = NO;
				ENABLE_STRICT_OBJC_MSGSEND = YES;
				ENABLE_USER_SCRIPT_SANDBOXING = YES;
				GCC_C_LANGUAGE_STANDARD = gnu17;
				GCC_NO_COMMON_BLOCKS = YES;
				GCC_WARN_64_TO_32_BIT_CONVERSION = YES;
				GCC_WARN_ABOUT_RETURN_TYPE = YES_ERROR;
				GCC_WARN_UNDECLARED_SELECTOR = YES;
				GCC_WARN_UNINITIALIZED_AUTOS = YES_AGGRESSIVE;
				GCC_WARN_UNUSED_FUNCTION = YES;
				GCC_WARN_UNUSED_VARIABLE = YES;
				IPHONEOS_DEPLOYMENT_TARGET = 17.5;
				LOCALIZATION_PREFERS_STRING_CATALOGS = YES;
				MTL_ENABLE_DEBUG_INFO = NO;
				MTL_FAST_MATH = YES;
				SDKROOT = iphoneos;
				SWIFT_COMPILATION_MODE = wholemodule;
				VALIDATE_PRODUCT = YES;
			};
			name = Release;
		};
		14DD5AA02C7A394D00E4AE6D /* Debug */ = {
			isa = XCBuildConfiguration;
			buildSettings = {
				ASSETCATALOG_COMPILER_APPICON_NAME = AppIcon;
				ASSETCATALOG_COMPILER_GLOBAL_ACCENT_COLOR_NAME = AccentColor;
				CODE_SIGN_STYLE = Automatic;
				CURRENT_PROJECT_VERSION = 1;
				DEVELOPMENT_ASSET_PATHS = "\"Workflow/Preview Content\"";
				ENABLE_PREVIEWS = YES;
				GENERATE_INFOPLIST_FILE = YES;
				INFOPLIST_KEY_UIApplicationSceneManifest_Generation = YES;
				INFOPLIST_KEY_UIApplicationSupportsIndirectInputEvents = YES;
				INFOPLIST_KEY_UILaunchScreen_Generation = YES;
				INFOPLIST_KEY_UISupportedInterfaceOrientations_iPad = "UIInterfaceOrientationPortrait UIInterfaceOrientationPortraitUpsideDown UIInterfaceOrientationLandscapeLeft UIInterfaceOrientationLandscapeRight";
				INFOPLIST_KEY_UISupportedInterfaceOrientations_iPhone = "UIInterfaceOrientationPortrait UIInterfaceOrientationLandscapeLeft UIInterfaceOrientationLandscapeRight";
				LD_RUNPATH_SEARCH_PATHS = (
					"$(inherited)",
					"@executable_path/Frameworks",
				);
				MARKETING_VERSION = 1.0;
				PRODUCT_BUNDLE_IDENTIFIER = edu.psu.jra5692.Workflow;
				PRODUCT_NAME = "$(TARGET_NAME)";
				SWIFT_EMIT_LOC_STRINGS = YES;
				SWIFT_VERSION = 5.0;
				TARGETED_DEVICE_FAMILY = "1,2";
			};
			name = Debug;
		};
		14DD5AA12C7A394D00E4AE6D /* Release */ = {
			isa = XCBuildConfiguration;
			buildSettings = {
				ASSETCATALOG_COMPILER_APPICON_NAME = AppIcon;
				ASSETCATALOG_COMPILER_GLOBAL_ACCENT_COLOR_NAME = AccentColor;
				CODE_SIGN_STYLE = Automatic;
				CURRENT_PROJECT_VERSION = 1;
				DEVELOPMENT_ASSET_PATHS = "\"Workflow/Preview Content\"";
				ENABLE_PREVIEWS = YES;
				GENERATE_INFOPLIST_FILE = YES;
				INFOPLIST_KEY_UIApplicationSceneManifest_Generation = YES;
				INFOPLIST_KEY_UIApplicationSupportsIndirectInputEvents = YES;
				INFOPLIST_KEY_UILaunchScreen_Generation = YES;
				INFOPLIST_KEY_UISupportedInterfaceOrientations_iPad = "UIInterfaceOrientationPortrait UIInterfaceOrientationPortraitUpsideDown UIInterfaceOrientationLandscapeLeft UIInterfaceOrientationLandscapeRight";
				INFOPLIST_KEY_UISupportedInterfaceOrientations_iPhone = "UIInterfaceOrientationPortrait UIInterfaceOrientationLandscapeLeft UIInterfaceOrientationLandscapeRight";
				LD_RUNPATH_SEARCH_PATHS = (
					"$(inherited)",
					"@executable_path/Frameworks",
				);
				MARKETING_VERSION = 1.0;
				PRODUCT_BUNDLE_IDENTIFIER = edu.psu.jra5692.Workflow;
				PRODUCT_NAME = "$(TARGET_NAME)";
				SWIFT_EMIT_LOC_STRINGS = YES;
				SWIFT_VERSION = 5.0;
				TARGETED_DEVICE_FAMILY = "1,2";
			};
			name = Release;
		};
		14DD5AA32C7A394D00E4AE6D /* Debug */ = {
			isa = XCBuildConfiguration;
			buildSettings = {
				ALWAYS_EMBED_SWIFT_STANDARD_LIBRARIES = YES;
				BUNDLE_LOADER = "$(TEST_HOST)";
				CODE_SIGN_STYLE = Automatic;
				CURRENT_PROJECT_VERSION = 1;
				GENERATE_INFOPLIST_FILE = YES;
				IPHONEOS_DEPLOYMENT_TARGET = 17.5;
				MARKETING_VERSION = 1.0;
				PRODUCT_BUNDLE_IDENTIFIER = edu.psu.jra5692.WorkflowTests;
				PRODUCT_NAME = "$(TARGET_NAME)";
				SWIFT_EMIT_LOC_STRINGS = NO;
				SWIFT_VERSION = 5.0;
				TARGETED_DEVICE_FAMILY = "1,2";
				TEST_HOST = "$(BUILT_PRODUCTS_DIR)/Workflow.app/$(BUNDLE_EXECUTABLE_FOLDER_PATH)/Workflow";
			};
			name = Debug;
		};
		14DD5AA42C7A394D00E4AE6D /* Release */ = {
			isa = XCBuildConfiguration;
			buildSettings = {
				ALWAYS_EMBED_SWIFT_STANDARD_LIBRARIES = YES;
				BUNDLE_LOADER = "$(TEST_HOST)";
				CODE_SIGN_STYLE = Automatic;
				CURRENT_PROJECT_VERSION = 1;
				GENERATE_INFOPLIST_FILE = YES;
				IPHONEOS_DEPLOYMENT_TARGET = 17.5;
				MARKETING_VERSION = 1.0;
				PRODUCT_BUNDLE_IDENTIFIER = edu.psu.jra5692.WorkflowTests;
				PRODUCT_NAME = "$(TARGET_NAME)";
				SWIFT_EMIT_LOC_STRINGS = NO;
				SWIFT_VERSION = 5.0;
				TARGETED_DEVICE_FAMILY = "1,2";
				TEST_HOST = "$(BUILT_PRODUCTS_DIR)/Workflow.app/$(BUNDLE_EXECUTABLE_FOLDER_PATH)/Workflow";
			};
			name = Release;
		};
		14DD5AA62C7A394D00E4AE6D /* Debug */ = {
			isa = XCBuildConfiguration;
			buildSettings = {
				ALWAYS_EMBED_SWIFT_STANDARD_LIBRARIES = YES;
				CODE_SIGN_STYLE = Automatic;
				CURRENT_PROJECT_VERSION = 1;
				GENERATE_INFOPLIST_FILE = YES;
				MARKETING_VERSION = 1.0;
				PRODUCT_BUNDLE_IDENTIFIER = edu.psu.jra5692.WorkflowUITests;
				PRODUCT_NAME = "$(TARGET_NAME)";
				SWIFT_EMIT_LOC_STRINGS = NO;
				SWIFT_VERSION = 5.0;
				TARGETED_DEVICE_FAMILY = "1,2";
				TEST_TARGET_NAME = Workflow;
			};
			name = Debug;
		};
		14DD5AA72C7A394D00E4AE6D /* Release */ = {
			isa = XCBuildConfiguration;
			buildSettings = {
				ALWAYS_EMBED_SWIFT_STANDARD_LIBRARIES = YES;
				CODE_SIGN_STYLE = Automatic;
				CURRENT_PROJECT_VERSION = 1;
				GENERATE_INFOPLIST_FILE = YES;
				MARKETING_VERSION = 1.0;
				PRODUCT_BUNDLE_IDENTIFIER = edu.psu.jra5692.WorkflowUITests;
				PRODUCT_NAME = "$(TARGET_NAME)";
				SWIFT_EMIT_LOC_STRINGS = NO;
				SWIFT_VERSION = 5.0;
				TARGETED_DEVICE_FAMILY = "1,2";
				TEST_TARGET_NAME = Workflow;
			};
			name = Release;
		};
/* End XCBuildConfiguration section */

/* Begin XCConfigurationList section */
		14DD5A762C7A394C00E4AE6D /* Build configuration list for PBXProject "Workflow" */ = {
			isa = XCConfigurationList;
			buildConfigurations = (
				14DD5A9D2C7A394D00E4AE6D /* Debug */,
				14DD5A9E2C7A394D00E4AE6D /* Release */,
			);
			defaultConfigurationIsVisible = 0;
			defaultConfigurationName = Release;
		};
		14DD5A9F2C7A394D00E4AE6D /* Build configuration list for PBXNativeTarget "Workflow" */ = {
			isa = XCConfigurationList;
			buildConfigurations = (
				14DD5AA02C7A394D00E4AE6D /* Debug */,
				14DD5AA12C7A394D00E4AE6D /* Release */,
			);
			defaultConfigurationIsVisible = 0;
			defaultConfigurationName = Release;
		};
		14DD5AA22C7A394D00E4AE6D /* Build configuration list for PBXNativeTarget "WorkflowTests" */ = {
			isa = XCConfigurationList;
			buildConfigurations = (
				14DD5AA32C7A394D00E4AE6D /* Debug */,
				14DD5AA42C7A394D00E4AE6D /* Release */,
			);
			defaultConfigurationIsVisible = 0;
			defaultConfigurationName = Release;
		};
		14DD5AA52C7A394D00E4AE6D /* Build configuration list for PBXNativeTarget "WorkflowUITests" */ = {
			isa = XCConfigurationList;
			buildConfigurations = (
				14DD5AA62C7A394D00E4AE6D /* Debug */,
				14DD5AA72C7A394D00E4AE6D /* Release */,
			);
			defaultConfigurationIsVisible = 0;
			defaultConfigurationName = Release;
		};
/* End XCConfigurationList section */
	};
	rootObject = 14DD5A732C7A394C00E4AE6D /* Project object */;
}
